
Microsoft Visual Studio Solution File, Format Version 12.00
# Visual Studio 2013
VisualStudioVersion = 12.0.21005.1
MinimumVisualStudioVersion = 10.0.40219.1
Project("{FAE04EC0-301F-11D3-BF4B-00C04F79EFBC}") = "01. LeapYear", "LeapYear\01. LeapYear.csproj", "{A33A0119-7A0B-4BC3-8EF2-39ED2825600B}"
EndProject
Project("{FAE04EC0-301F-11D3-BF4B-00C04F79EFBC}") = "02. PrintandomValue", "PrintandomValue\02. PrintandomValue.csproj", "{D176BAB1-9CF2-4605-8694-1E32787C8F94}"
EndProject
Project("{FAE04EC0-301F-11D3-BF4B-00C04F79EFBC}") = "03. DayOfTheWeek", "DayOfTheWeek\03. DayOfTheWeek.csproj", "{0899E252-7A38-418D-B1F3-164AD721274D}"
EndProject
Project("{FAE04EC0-301F-11D3-BF4B-00C04F79EFBC}") = "04. TriangleSurface", "TriangleSurface\04. TriangleSurface.csproj", "{683C527A-0111-4CCB-9FBC-56C6EA84B5ED}"
EndProject
Global
	GlobalSection(SolutionConfigurationPlatforms) = preSolution
		Debug|Any CPU = Debug|Any CPU
		Release|Any CPU = Release|Any CPU
	EndGlobalSection
	GlobalSection(ProjectConfigurationPlatforms) = postSolution
		{A33A0119-7A0B-4BC3-8EF2-39ED2825600B}.Debug|Any CPU.ActiveCfg = Debug|Any CPU
		{A33A0119-7A0B-4BC3-8EF2-39ED2825600B}.Debug|Any CPU.Build.0 = Debug|Any CPU
		{A33A0119-7A0B-4BC3-8EF2-39ED2825600B}.Release|Any CPU.ActiveCfg = Release|Any CPU
		{A33A0119-7A0B-4BC3-8EF2-39ED2825600B}.Release|Any CPU.Build.0 = Release|Any CPU
		{D176BAB1-9CF2-4605-8694-1E32787C8F94}.Debug|Any CPU.ActiveCfg = Debug|Any CPU
		{D176BAB1-9CF2-4605-8694-1E32787C8F94}.Debug|Any CPU.Build.0 = Debug|Any CPU
		{D176BAB1-9CF2-4605-8694-1E32787C8F94}.Release|Any CPU.ActiveCfg = Release|Any CPU
		{D176BAB1-9CF2-4605-8694-1E32787C8F94}.Release|Any CPU.Build.0 = Release|Any CPU
		{0899E252-7A38-418D-B1F3-164AD721274D}.Debug|Any CPU.ActiveCfg = Debug|Any CPU
		{0899E252-7A38-418D-B1F3-164AD721274D}.Debug|Any CPU.Build.0 = Debug|Any CPU
		{0899E252-7A38-418D-B1F3-164AD721274D}.Release|Any CPU.ActiveCfg = Release|Any CPU
		{0899E252-7A38-418D-B1F3-164AD721274D}.Release|Any CPU.Build.0 = Release|Any CPU
		{683C527A-0111-4CCB-9FBC-56C6EA84B5ED}.Debug|Any CPU.ActiveCfg = Debug|Any CPU
		{683C527A-0111-4CCB-9FBC-56C6EA84B5ED}.Debug|Any CPU.Build.0 = Debug|Any CPU
		{683C527A-0111-4CCB-9FBC-56C6EA84B5ED}.Release|Any CPU.ActiveCfg = Release|Any CPU
		{683C527A-0111-4CCB-9FBC-56C6EA84B5ED}.Release|Any CPU.Build.0 = Release|Any CPU
	EndGlobalSection
	GlobalSection(SolutionProperties) = preSolution
		HideSolutionNode = FALSE
	EndGlobalSection
EndGlobal
